// !$*UTF8*$!
{
	archiveVersion = 1;
	classes = {
	};
	objectVersion = 51;
	objects = {

/* Begin PBXBuildFile section */
		460805F7723528D12C8174F4 /* Pods_SwiftUIDemo.framework in Frameworks */ = {isa = PBXBuildFile; fileRef = 991C02A795A27D02B2E4BCAA /* Pods_SwiftUIDemo.framework */; };
		CE83CC0625BFEB2B00DA3DB1 /* AppDelegate.swift in Sources */ = {isa = PBXBuildFile; fileRef = CE83CC0525BFEB2B00DA3DB1 /* AppDelegate.swift */; };
		CE83CC0825BFEB2B00DA3DB1 /* SceneDelegate.swift in Sources */ = {isa = PBXBuildFile; fileRef = CE83CC0725BFEB2B00DA3DB1 /* SceneDelegate.swift */; };
		CE83CC0A25BFEB2B00DA3DB1 /* ContentView.swift in Sources */ = {isa = PBXBuildFile; fileRef = CE83CC0925BFEB2B00DA3DB1 /* ContentView.swift */; };
		CE83CC0C25BFEB2D00DA3DB1 /* Assets.xcassets in Resources */ = {isa = PBXBuildFile; fileRef = CE83CC0B25BFEB2D00DA3DB1 /* Assets.xcassets */; };
		CE83CC0F25BFEB2D00DA3DB1 /* Preview Assets.xcassets in Resources */ = {isa = PBXBuildFile; fileRef = CE83CC0E25BFEB2D00DA3DB1 /* Preview Assets.xcassets */; };
		CE83CC1225BFEB2D00DA3DB1 /* LaunchScreen.storyboard in Resources */ = {isa = PBXBuildFile; fileRef = CE83CC1025BFEB2D00DA3DB1 /* LaunchScreen.storyboard */; };
		CE83CC1D25BFEB2D00DA3DB1 /* SwiftUIDemoTests.swift in Sources */ = {isa = PBXBuildFile; fileRef = CE83CC1C25BFEB2D00DA3DB1 /* SwiftUIDemoTests.swift */; };
		CE83CC2825BFEB2E00DA3DB1 /* SwiftUIDemoUITests.swift in Sources */ = {isa = PBXBuildFile; fileRef = CE83CC2725BFEB2E00DA3DB1 /* SwiftUIDemoUITests.swift */; };
		CE83CC4225BFF91500DA3DB1 /* Colors.xcassets in Resources */ = {isa = PBXBuildFile; fileRef = CE83CC4125BFF91500DA3DB1 /* Colors.xcassets */; };
		CE83CC5025BFFAC200DA3DB1 /* UIColor+Extension.swift in Sources */ = {isa = PBXBuildFile; fileRef = CE83CC4F25BFFAC200DA3DB1 /* UIColor+Extension.swift */; };
		CEC88AA6260762FB00360625 /* Article.swift in Sources */ = {isa = PBXBuildFile; fileRef = CEC88AA5260762FB00360625 /* Article.swift */; };
		CEC88ABB260786F900360625 /* DetailsView.swift in Sources */ = {isa = PBXBuildFile; fileRef = CEC88ABA260786F900360625 /* DetailsView.swift */; };
		CED6AE152600742D00C4F8E4 /* CardView.swift in Sources */ = {isa = PBXBuildFile; fileRef = CED6AE142600742D00C4F8E4 /* CardView.swift */; };
		CED6AE2526009EC600C4F8E4 /* NoSeparatorList.swift in Sources */ = {isa = PBXBuildFile; fileRef = CED6AE2426009EC600C4F8E4 /* NoSeparatorList.swift */; };
		CED6AE3E2600BDAC00C4F8E4 /* NetworkManager.swift in Sources */ = {isa = PBXBuildFile; fileRef = CED6AE3D2600BDAC00C4F8E4 /* NetworkManager.swift */; };
		CED6AE432600BDED00C4F8E4 /* NetworkDefaults.swift in Sources */ = {isa = PBXBuildFile; fileRef = CED6AE422600BDED00C4F8E4 /* NetworkDefaults.swift */; };
		CED6AE482600BE2B00C4F8E4 /* NetworkManager+Parsejson.swift in Sources */ = {isa = PBXBuildFile; fileRef = CED6AE472600BE2B00C4F8E4 /* NetworkManager+Parsejson.swift */; };
		CED6AE542600BF1300C4F8E4 /* NetworkError.swift in Sources */ = {isa = PBXBuildFile; fileRef = CED6AE532600BF1300C4F8E4 /* NetworkError.swift */; };
		CED6AE592600C95B00C4F8E4 /* NetworkResponse.swift in Sources */ = {isa = PBXBuildFile; fileRef = CED6AE582600C95B00C4F8E4 /* NetworkResponse.swift */; };
		CED6AE662600CC6F00C4F8E4 /* HomeService.swift in Sources */ = {isa = PBXBuildFile; fileRef = CED6AE652600CC6F00C4F8E4 /* HomeService.swift */; };
		CED6AE6B2600CF7800C4F8E4 /* HomeWebService.swift in Sources */ = {isa = PBXBuildFile; fileRef = CED6AE6A2600CF7800C4F8E4 /* HomeWebService.swift */; };
		CED6AE702600D0A600C4F8E4 /* HomeViewModel.swift in Sources */ = {isa = PBXBuildFile; fileRef = CED6AE6F2600D0A600C4F8E4 /* HomeViewModel.swift */; };
/* End PBXBuildFile section */

/* Begin PBXContainerItemProxy section */
		CE83CC1925BFEB2D00DA3DB1 /* PBXContainerItemProxy */ = {
			isa = PBXContainerItemProxy;
			containerPortal = CE83CBFA25BFEB2B00DA3DB1 /* Project object */;
			proxyType = 1;
			remoteGlobalIDString = CE83CC0125BFEB2B00DA3DB1;
			remoteInfo = SwiftUIDemo;
		};
		CE83CC2425BFEB2E00DA3DB1 /* PBXContainerItemProxy */ = {
			isa = PBXContainerItemProxy;
			containerPortal = CE83CBFA25BFEB2B00DA3DB1 /* Project object */;
			proxyType = 1;
			remoteGlobalIDString = CE83CC0125BFEB2B00DA3DB1;
			remoteInfo = SwiftUIDemo;
		};
/* End PBXContainerItemProxy section */

/* Begin PBXFileReference section */
		8D5EBFD571B817D0F6D62589 /* Pods-SwiftUIDemo.release.xcconfig */ = {isa = PBXFileReference; includeInIndex = 1; lastKnownFileType = text.xcconfig; name = "Pods-SwiftUIDemo.release.xcconfig"; path = "Target Support Files/Pods-SwiftUIDemo/Pods-SwiftUIDemo.release.xcconfig"; sourceTree = "<group>"; };
		991C02A795A27D02B2E4BCAA /* Pods_SwiftUIDemo.framework */ = {isa = PBXFileReference; explicitFileType = wrapper.framework; includeInIndex = 0; path = Pods_SwiftUIDemo.framework; sourceTree = BUILT_PRODUCTS_DIR; };
		AEDD870340E68406419E7F03 /* Pods-SwiftUIDemo.debug.xcconfig */ = {isa = PBXFileReference; includeInIndex = 1; lastKnownFileType = text.xcconfig; name = "Pods-SwiftUIDemo.debug.xcconfig"; path = "Target Support Files/Pods-SwiftUIDemo/Pods-SwiftUIDemo.debug.xcconfig"; sourceTree = "<group>"; };
		CE83CC0225BFEB2B00DA3DB1 /* SwiftUIDemo.app */ = {isa = PBXFileReference; explicitFileType = wrapper.application; includeInIndex = 0; path = SwiftUIDemo.app; sourceTree = BUILT_PRODUCTS_DIR; };
		CE83CC0525BFEB2B00DA3DB1 /* AppDelegate.swift */ = {isa = PBXFileReference; lastKnownFileType = sourcecode.swift; path = AppDelegate.swift; sourceTree = "<group>"; };
		CE83CC0725BFEB2B00DA3DB1 /* SceneDelegate.swift */ = {isa = PBXFileReference; lastKnownFileType = sourcecode.swift; path = SceneDelegate.swift; sourceTree = "<group>"; };
		CE83CC0925BFEB2B00DA3DB1 /* ContentView.swift */ = {isa = PBXFileReference; lastKnownFileType = sourcecode.swift; path = ContentView.swift; sourceTree = "<group>"; };
		CE83CC0B25BFEB2D00DA3DB1 /* Assets.xcassets */ = {isa = PBXFileReference; lastKnownFileType = folder.assetcatalog; path = Assets.xcassets; sourceTree = "<group>"; };
		CE83CC0E25BFEB2D00DA3DB1 /* Preview Assets.xcassets */ = {isa = PBXFileReference; lastKnownFileType = folder.assetcatalog; path = "Preview Assets.xcassets"; sourceTree = "<group>"; };
		CE83CC1125BFEB2D00DA3DB1 /* Base */ = {isa = PBXFileReference; lastKnownFileType = file.storyboard; name = Base; path = Base.lproj/LaunchScreen.storyboard; sourceTree = "<group>"; };
		CE83CC1325BFEB2D00DA3DB1 /* Info.plist */ = {isa = PBXFileReference; lastKnownFileType = text.plist.xml; path = Info.plist; sourceTree = "<group>"; };
		CE83CC1825BFEB2D00DA3DB1 /* SwiftUIDemoTests.xctest */ = {isa = PBXFileReference; explicitFileType = wrapper.cfbundle; includeInIndex = 0; path = SwiftUIDemoTests.xctest; sourceTree = BUILT_PRODUCTS_DIR; };
		CE83CC1C25BFEB2D00DA3DB1 /* SwiftUIDemoTests.swift */ = {isa = PBXFileReference; lastKnownFileType = sourcecode.swift; path = SwiftUIDemoTests.swift; sourceTree = "<group>"; };
		CE83CC1E25BFEB2D00DA3DB1 /* Info.plist */ = {isa = PBXFileReference; lastKnownFileType = text.plist.xml; path = Info.plist; sourceTree = "<group>"; };
		CE83CC2325BFEB2E00DA3DB1 /* SwiftUIDemoUITests.xctest */ = {isa = PBXFileReference; explicitFileType = wrapper.cfbundle; includeInIndex = 0; path = SwiftUIDemoUITests.xctest; sourceTree = BUILT_PRODUCTS_DIR; };
		CE83CC2725BFEB2E00DA3DB1 /* SwiftUIDemoUITests.swift */ = {isa = PBXFileReference; lastKnownFileType = sourcecode.swift; path = SwiftUIDemoUITests.swift; sourceTree = "<group>"; };
		CE83CC2925BFEB2E00DA3DB1 /* Info.plist */ = {isa = PBXFileReference; lastKnownFileType = text.plist.xml; path = Info.plist; sourceTree = "<group>"; };
		CE83CC4125BFF91500DA3DB1 /* Colors.xcassets */ = {isa = PBXFileReference; lastKnownFileType = folder.assetcatalog; path = Colors.xcassets; sourceTree = "<group>"; };
		CE83CC4F25BFFAC200DA3DB1 /* UIColor+Extension.swift */ = {isa = PBXFileReference; lastKnownFileType = sourcecode.swift; path = "UIColor+Extension.swift"; sourceTree = "<group>"; };
		CEC88AA5260762FB00360625 /* Article.swift */ = {isa = PBXFileReference; lastKnownFileType = sourcecode.swift; path = Article.swift; sourceTree = "<group>"; };
		CEC88ABA260786F900360625 /* DetailsView.swift */ = {isa = PBXFileReference; lastKnownFileType = sourcecode.swift; path = DetailsView.swift; sourceTree = "<group>"; };
		CED6AE142600742D00C4F8E4 /* CardView.swift */ = {isa = PBXFileReference; lastKnownFileType = sourcecode.swift; path = CardView.swift; sourceTree = "<group>"; };
		CED6AE2426009EC600C4F8E4 /* NoSeparatorList.swift */ = {isa = PBXFileReference; lastKnownFileType = sourcecode.swift; path = NoSeparatorList.swift; sourceTree = "<group>"; };
		CED6AE3D2600BDAC00C4F8E4 /* NetworkManager.swift */ = {isa = PBXFileReference; lastKnownFileType = sourcecode.swift; path = NetworkManager.swift; sourceTree = "<group>"; };
		CED6AE422600BDED00C4F8E4 /* NetworkDefaults.swift */ = {isa = PBXFileReference; lastKnownFileType = sourcecode.swift; path = NetworkDefaults.swift; sourceTree = "<group>"; };
		CED6AE472600BE2B00C4F8E4 /* NetworkManager+Parsejson.swift */ = {isa = PBXFileReference; lastKnownFileType = sourcecode.swift; path = "NetworkManager+Parsejson.swift"; sourceTree = "<group>"; };
		CED6AE532600BF1300C4F8E4 /* NetworkError.swift */ = {isa = PBXFileReference; lastKnownFileType = sourcecode.swift; path = NetworkError.swift; sourceTree = "<group>"; };
		CED6AE582600C95B00C4F8E4 /* NetworkResponse.swift */ = {isa = PBXFileReference; lastKnownFileType = sourcecode.swift; path = NetworkResponse.swift; sourceTree = "<group>"; };
		CED6AE652600CC6F00C4F8E4 /* HomeService.swift */ = {isa = PBXFileReference; lastKnownFileType = sourcecode.swift; path = HomeService.swift; sourceTree = "<group>"; };
		CED6AE6A2600CF7800C4F8E4 /* HomeWebService.swift */ = {isa = PBXFileReference; lastKnownFileType = sourcecode.swift; path = HomeWebService.swift; sourceTree = "<group>"; };
		CED6AE6F2600D0A600C4F8E4 /* HomeViewModel.swift */ = {isa = PBXFileReference; lastKnownFileType = sourcecode.swift; path = HomeViewModel.swift; sourceTree = "<group>"; };
/* End PBXFileReference section */

/* Begin PBXFrameworksBuildPhase section */
		CE83CBFF25BFEB2B00DA3DB1 /* Frameworks */ = {
			isa = PBXFrameworksBuildPhase;
			buildActionMask = 2147483647;
			files = (
				460805F7723528D12C8174F4 /* Pods_SwiftUIDemo.framework in Frameworks */,
			);
			runOnlyForDeploymentPostprocessing = 0;
		};
		CE83CC1525BFEB2D00DA3DB1 /* Frameworks */ = {
			isa = PBXFrameworksBuildPhase;
			buildActionMask = 2147483647;
			files = (
			);
			runOnlyForDeploymentPostprocessing = 0;
		};
		CE83CC2025BFEB2E00DA3DB1 /* Frameworks */ = {
			isa = PBXFrameworksBuildPhase;
			buildActionMask = 2147483647;
			files = (
			);
			runOnlyForDeploymentPostprocessing = 0;
		};
/* End PBXFrameworksBuildPhase section */

/* Begin PBXGroup section */
		5CE1E4B4D67737BC4155F84D /* Pods */ = {
			isa = PBXGroup;
			children = (
				AEDD870340E68406419E7F03 /* Pods-SwiftUIDemo.debug.xcconfig */,
				8D5EBFD571B817D0F6D62589 /* Pods-SwiftUIDemo.release.xcconfig */,
			);
			path = Pods;
			sourceTree = "<group>";
		};
		B5D6578408E5BC14CEAB9705 /* Frameworks */ = {
			isa = PBXGroup;
			children = (
				991C02A795A27D02B2E4BCAA /* Pods_SwiftUIDemo.framework */,
			);
			name = Frameworks;
			sourceTree = "<group>";
		};
		CE83CBF925BFEB2B00DA3DB1 = {
			isa = PBXGroup;
			children = (
				CE83CC0425BFEB2B00DA3DB1 /* SwiftUIDemo */,
				CE83CC1B25BFEB2D00DA3DB1 /* SwiftUIDemoTests */,
				CE83CC2625BFEB2E00DA3DB1 /* SwiftUIDemoUITests */,
				CE83CC0325BFEB2B00DA3DB1 /* Products */,
				5CE1E4B4D67737BC4155F84D /* Pods */,
				B5D6578408E5BC14CEAB9705 /* Frameworks */,
			);
			sourceTree = "<group>";
		};
		CE83CC0325BFEB2B00DA3DB1 /* Products */ = {
			isa = PBXGroup;
			children = (
				CE83CC0225BFEB2B00DA3DB1 /* SwiftUIDemo.app */,
				CE83CC1825BFEB2D00DA3DB1 /* SwiftUIDemoTests.xctest */,
				CE83CC2325BFEB2E00DA3DB1 /* SwiftUIDemoUITests.xctest */,
			);
			name = Products;
			sourceTree = "<group>";
		};
		CE83CC0425BFEB2B00DA3DB1 /* SwiftUIDemo */ = {
			isa = PBXGroup;
			children = (
				CE83CC1325BFEB2D00DA3DB1 /* Info.plist */,
				CE83CC1025BFEB2D00DA3DB1 /* LaunchScreen.storyboard */,
				CED6AE0B260072BC00C4F8E4 /* AppDelegate+SceneDelegate */,
				CE83CC4625BFFA6900DA3DB1 /* Extensions */,
				CED6AE0E2600734F00C4F8E4 /* Resourses */,
				CED6AE2F2600BC9E00C4F8E4 /* Network */,
				CED6AE0F2600737200C4F8E4 /* Scenes */,
				CE83CC0D25BFEB2D00DA3DB1 /* Preview Content */,
			);
			path = SwiftUIDemo;
			sourceTree = "<group>";
		};
		CE83CC0D25BFEB2D00DA3DB1 /* Preview Content */ = {
			isa = PBXGroup;
			children = (
				CE83CC0E25BFEB2D00DA3DB1 /* Preview Assets.xcassets */,
			);
			path = "Preview Content";
			sourceTree = "<group>";
		};
		CE83CC1B25BFEB2D00DA3DB1 /* SwiftUIDemoTests */ = {
			isa = PBXGroup;
			children = (
				CE83CC1C25BFEB2D00DA3DB1 /* SwiftUIDemoTests.swift */,
				CE83CC1E25BFEB2D00DA3DB1 /* Info.plist */,
			);
			path = SwiftUIDemoTests;
			sourceTree = "<group>";
		};
		CE83CC2625BFEB2E00DA3DB1 /* SwiftUIDemoUITests */ = {
			isa = PBXGroup;
			children = (
				CE83CC2725BFEB2E00DA3DB1 /* SwiftUIDemoUITests.swift */,
				CE83CC2925BFEB2E00DA3DB1 /* Info.plist */,
			);
			path = SwiftUIDemoUITests;
			sourceTree = "<group>";
		};
		CE83CC3825BFF8E400DA3DB1 /* Colors */ = {
			isa = PBXGroup;
			children = (
				CE83CC4125BFF91500DA3DB1 /* Colors.xcassets */,
			);
			path = Colors;
			sourceTree = "<group>";
		};
		CE83CC4625BFFA6900DA3DB1 /* Extensions */ = {
			isa = PBXGroup;
			children = (
				CE83CC4F25BFFAC200DA3DB1 /* UIColor+Extension.swift */,
			);
			path = Extensions;
			sourceTree = "<group>";
		};
		CEC88AB8260786D000360625 /* Details */ = {
			isa = PBXGroup;
			children = (
				CEC88AB9260786DF00360625 /* View */,
			);
			path = Details;
			sourceTree = "<group>";
		};
		CEC88AB9260786DF00360625 /* View */ = {
			isa = PBXGroup;
			children = (
				CEC88ABA260786F900360625 /* DetailsView.swift */,
			);
			path = View;
			sourceTree = "<group>";
		};
		CED6AE0B260072BC00C4F8E4 /* AppDelegate+SceneDelegate */ = {
			isa = PBXGroup;
			children = (
				CE83CC0525BFEB2B00DA3DB1 /* AppDelegate.swift */,
				CE83CC0725BFEB2B00DA3DB1 /* SceneDelegate.swift */,
			);
			path = "AppDelegate+SceneDelegate";
			sourceTree = "<group>";
		};
		CED6AE0D2600730700C4F8E4 /* Assets */ = {
			isa = PBXGroup;
			children = (
				CE83CC0B25BFEB2D00DA3DB1 /* Assets.xcassets */,
			);
			path = Assets;
			sourceTree = "<group>";
		};
		CED6AE0E2600734F00C4F8E4 /* Resourses */ = {
			isa = PBXGroup;
			children = (
				CE83CC3825BFF8E400DA3DB1 /* Colors */,
				CED6AE0D2600730700C4F8E4 /* Assets */,
			);
			path = Resourses;
			sourceTree = "<group>";
		};
		CED6AE0F2600737200C4F8E4 /* Scenes */ = {
			isa = PBXGroup;
			children = (
				CEC88AB8260786D000360625 /* Details */,
				CED6AE132600741000C4F8E4 /* Home */,
			);
			path = Scenes;
			sourceTree = "<group>";
		};
		CED6AE132600741000C4F8E4 /* Home */ = {
			isa = PBXGroup;
			children = (
				CED6AE1E2600796400C4F8E4 /* ViewModel */,
				CED6AE1D2600795C00C4F8E4 /* Model */,
				CED6AE1C2600794E00C4F8E4 /* View */,
				CED6AE6A2600CF7800C4F8E4 /* HomeWebService.swift */,
			);
			path = Home;
			sourceTree = "<group>";
		};
		CED6AE1C2600794E00C4F8E4 /* View */ = {
			isa = PBXGroup;
			children = (
				CE83CC0925BFEB2B00DA3DB1 /* ContentView.swift */,
				CED6AE142600742D00C4F8E4 /* CardView.swift */,
				CED6AE2426009EC600C4F8E4 /* NoSeparatorList.swift */,
			);
			path = View;
			sourceTree = "<group>";
		};
		CED6AE1D2600795C00C4F8E4 /* Model */ = {
			isa = PBXGroup;
			children = (
				CEC88AA5260762FB00360625 /* Article.swift */,
			);
			path = Model;
			sourceTree = "<group>";
		};
		CED6AE1E2600796400C4F8E4 /* ViewModel */ = {
			isa = PBXGroup;
			children = (
				CED6AE6F2600D0A600C4F8E4 /* HomeViewModel.swift */,
			);
			path = ViewModel;
			sourceTree = "<group>";
		};
		CED6AE2F2600BC9E00C4F8E4 /* Network */ = {
			isa = PBXGroup;
			children = (
				CED6AE642600CC5E00C4F8E4 /* Services */,
				CED6AE522600BEFC00C4F8E4 /* Models */,
				CED6AE3D2600BDAC00C4F8E4 /* NetworkManager.swift */,
				CED6AE422600BDED00C4F8E4 /* NetworkDefaults.swift */,
				CED6AE472600BE2B00C4F8E4 /* NetworkManager+Parsejson.swift */,
			);
			path = Network;
			sourceTree = "<group>";
		};
		CED6AE522600BEFC00C4F8E4 /* Models */ = {
			isa = PBXGroup;
			children = (
				CED6AE532600BF1300C4F8E4 /* NetworkError.swift */,
				CED6AE582600C95B00C4F8E4 /* NetworkResponse.swift */,
			);
			path = Models;
			sourceTree = "<group>";
		};
		CED6AE642600CC5E00C4F8E4 /* Services */ = {
			isa = PBXGroup;
			children = (
				CED6AE652600CC6F00C4F8E4 /* HomeService.swift */,
			);
			path = Services;
			sourceTree = "<group>";
		};
/* End PBXGroup section */

/* Begin PBXNativeTarget section */
		CE83CC0125BFEB2B00DA3DB1 /* SwiftUIDemo */ = {
			isa = PBXNativeTarget;
			buildConfigurationList = CE83CC2C25BFEB2E00DA3DB1 /* Build configuration list for PBXNativeTarget "SwiftUIDemo" */;
			buildPhases = (
				56E72445D4D1C9D40822839C /* [CP] Check Pods Manifest.lock */,
				CE83CBFE25BFEB2B00DA3DB1 /* Sources */,
				CE83CBFF25BFEB2B00DA3DB1 /* Frameworks */,
				CE83CC0025BFEB2B00DA3DB1 /* Resources */,
				FB384F6B9ED874C5DFE40681 /* [CP] Embed Pods Frameworks */,
			);
			buildRules = (
			);
			dependencies = (
			);
			name = SwiftUIDemo;
			productName = SwiftUIDemo;
			productReference = CE83CC0225BFEB2B00DA3DB1 /* SwiftUIDemo.app */;
			productType = "com.apple.product-type.application";
		};
		CE83CC1725BFEB2D00DA3DB1 /* SwiftUIDemoTests */ = {
			isa = PBXNativeTarget;
			buildConfigurationList = CE83CC2F25BFEB2E00DA3DB1 /* Build configuration list for PBXNativeTarget "SwiftUIDemoTests" */;
			buildPhases = (
				CE83CC1425BFEB2D00DA3DB1 /* Sources */,
				CE83CC1525BFEB2D00DA3DB1 /* Frameworks */,
				CE83CC1625BFEB2D00DA3DB1 /* Resources */,
			);
			buildRules = (
			);
			dependencies = (
				CE83CC1A25BFEB2D00DA3DB1 /* PBXTargetDependency */,
			);
			name = SwiftUIDemoTests;
			productName = SwiftUIDemoTests;
			productReference = CE83CC1825BFEB2D00DA3DB1 /* SwiftUIDemoTests.xctest */;
			productType = "com.apple.product-type.bundle.unit-test";
		};
		CE83CC2225BFEB2E00DA3DB1 /* SwiftUIDemoUITests */ = {
			isa = PBXNativeTarget;
			buildConfigurationList = CE83CC3225BFEB2E00DA3DB1 /* Build configuration list for PBXNativeTarget "SwiftUIDemoUITests" */;
			buildPhases = (
				CE83CC1F25BFEB2E00DA3DB1 /* Sources */,
				CE83CC2025BFEB2E00DA3DB1 /* Frameworks */,
				CE83CC2125BFEB2E00DA3DB1 /* Resources */,
			);
			buildRules = (
			);
			dependencies = (
				CE83CC2525BFEB2E00DA3DB1 /* PBXTargetDependency */,
			);
			name = SwiftUIDemoUITests;
			productName = SwiftUIDemoUITests;
			productReference = CE83CC2325BFEB2E00DA3DB1 /* SwiftUIDemoUITests.xctest */;
			productType = "com.apple.product-type.bundle.ui-testing";
		};
/* End PBXNativeTarget section */

/* Begin PBXProject section */
		CE83CBFA25BFEB2B00DA3DB1 /* Project object */ = {
			isa = PBXProject;
			attributes = {
				LastSwiftUpdateCheck = 1220;
				LastUpgradeCheck = 1220;
				TargetAttributes = {
					CE83CC0125BFEB2B00DA3DB1 = {
						CreatedOnToolsVersion = 12.2;
					};
					CE83CC1725BFEB2D00DA3DB1 = {
						CreatedOnToolsVersion = 12.2;
						TestTargetID = CE83CC0125BFEB2B00DA3DB1;
					};
					CE83CC2225BFEB2E00DA3DB1 = {
						CreatedOnToolsVersion = 12.2;
						TestTargetID = CE83CC0125BFEB2B00DA3DB1;
					};
				};
			};
			buildConfigurationList = CE83CBFD25BFEB2B00DA3DB1 /* Build configuration list for PBXProject "SwiftUIDemo" */;
			compatibilityVersion = "Xcode 9.3";
			developmentRegion = en;
			hasScannedForEncodings = 0;
			knownRegions = (
				en,
				Base,
			);
			mainGroup = CE83CBF925BFEB2B00DA3DB1;
			productRefGroup = CE83CC0325BFEB2B00DA3DB1 /* Products */;
			projectDirPath = "";
			projectRoot = "";
			targets = (
				CE83CC0125BFEB2B00DA3DB1 /* SwiftUIDemo */,
				CE83CC1725BFEB2D00DA3DB1 /* SwiftUIDemoTests */,
				CE83CC2225BFEB2E00DA3DB1 /* SwiftUIDemoUITests */,
			);
		};
/* End PBXProject section */

/* Begin PBXResourcesBuildPhase section */
		CE83CC0025BFEB2B00DA3DB1 /* Resources */ = {
			isa = PBXResourcesBuildPhase;
			buildActionMask = 2147483647;
			files = (
				CE83CC1225BFEB2D00DA3DB1 /* LaunchScreen.storyboard in Resources */,
				CE83CC4225BFF91500DA3DB1 /* Colors.xcassets in Resources */,
				CE83CC0F25BFEB2D00DA3DB1 /* Preview Assets.xcassets in Resources */,
				CE83CC0C25BFEB2D00DA3DB1 /* Assets.xcassets in Resources */,
			);
			runOnlyForDeploymentPostprocessing = 0;
		};
		CE83CC1625BFEB2D00DA3DB1 /* Resources */ = {
			isa = PBXResourcesBuildPhase;
			buildActionMask = 2147483647;
			files = (
			);
			runOnlyForDeploymentPostprocessing = 0;
		};
		CE83CC2125BFEB2E00DA3DB1 /* Resources */ = {
			isa = PBXResourcesBuildPhase;
			buildActionMask = 2147483647;
			files = (
			);
			runOnlyForDeploymentPostprocessing = 0;
		};
/* End PBXResourcesBuildPhase section */

/* Begin PBXShellScriptBuildPhase section */
		56E72445D4D1C9D40822839C /* [CP] Check Pods Manifest.lock */ = {
			isa = PBXShellScriptBuildPhase;
			buildActionMask = 2147483647;
			files = (
			);
			inputFileListPaths = (
			);
			inputPaths = (
				"${PODS_PODFILE_DIR_PATH}/Podfile.lock",
				"${PODS_ROOT}/Manifest.lock",
			);
			name = "[CP] Check Pods Manifest.lock";
			outputFileListPaths = (
			);
			outputPaths = (
				"$(DERIVED_FILE_DIR)/Pods-SwiftUIDemo-checkManifestLockResult.txt",
			);
			runOnlyForDeploymentPostprocessing = 0;
			shellPath = /bin/sh;
			shellScript = "diff \"${PODS_PODFILE_DIR_PATH}/Podfile.lock\" \"${PODS_ROOT}/Manifest.lock\" > /dev/null\nif [ $? != 0 ] ; then\n    # print error to STDERR\n    echo \"error: The sandbox is not in sync with the Podfile.lock. Run 'pod install' or update your CocoaPods installation.\" >&2\n    exit 1\nfi\n# This output is used by Xcode 'outputs' to avoid re-running this script phase.\necho \"SUCCESS\" > \"${SCRIPT_OUTPUT_FILE_0}\"\n";
			showEnvVarsInLog = 0;
		};
		FB384F6B9ED874C5DFE40681 /* [CP] Embed Pods Frameworks */ = {
			isa = PBXShellScriptBuildPhase;
			buildActionMask = 2147483647;
			files = (
			);
			inputFileListPaths = (
				"${PODS_ROOT}/Target Support Files/Pods-SwiftUIDemo/Pods-SwiftUIDemo-frameworks-${CONFIGURATION}-input-files.xcfilelist",
			);
			name = "[CP] Embed Pods Frameworks";
			outputFileListPaths = (
				"${PODS_ROOT}/Target Support Files/Pods-SwiftUIDemo/Pods-SwiftUIDemo-frameworks-${CONFIGURATION}-output-files.xcfilelist",
			);
			runOnlyForDeploymentPostprocessing = 0;
			shellPath = /bin/sh;
			shellScript = "\"${PODS_ROOT}/Target Support Files/Pods-SwiftUIDemo/Pods-SwiftUIDemo-frameworks.sh\"\n";
			showEnvVarsInLog = 0;
		};
/* End PBXShellScriptBuildPhase section */

/* Begin PBXSourcesBuildPhase section */
		CE83CBFE25BFEB2B00DA3DB1 /* Sources */ = {
			isa = PBXSourcesBuildPhase;
			buildActionMask = 2147483647;
			files = (
				CE83CC0625BFEB2B00DA3DB1 /* AppDelegate.swift in Sources */,
				CED6AE432600BDED00C4F8E4 /* NetworkDefaults.swift in Sources */,
				CE83CC0825BFEB2B00DA3DB1 /* SceneDelegate.swift in Sources */,
				CED6AE6B2600CF7800C4F8E4 /* HomeWebService.swift in Sources */,
				CE83CC0A25BFEB2B00DA3DB1 /* ContentView.swift in Sources */,
				CED6AE592600C95B00C4F8E4 /* NetworkResponse.swift in Sources */,
				CED6AE3E2600BDAC00C4F8E4 /* NetworkManager.swift in Sources */,
				CED6AE2526009EC600C4F8E4 /* NoSeparatorList.swift in Sources */,
				CED6AE662600CC6F00C4F8E4 /* HomeService.swift in Sources */,
				CE83CC5025BFFAC200DA3DB1 /* UIColor+Extension.swift in Sources */,
				CED6AE482600BE2B00C4F8E4 /* NetworkManager+Parsejson.swift in Sources */,
				CED6AE542600BF1300C4F8E4 /* NetworkError.swift in Sources */,
				CED6AE702600D0A600C4F8E4 /* HomeViewModel.swift in Sources */,
				CEC88ABB260786F900360625 /* DetailsView.swift in Sources */,
				CED6AE152600742D00C4F8E4 /* CardView.swift in Sources */,
				CEC88AA6260762FB00360625 /* Article.swift in Sources */,
			);
			runOnlyForDeploymentPostprocessing = 0;
		};
		CE83CC1425BFEB2D00DA3DB1 /* Sources */ = {
			isa = PBXSourcesBuildPhase;
			buildActionMask = 2147483647;
			files = (
				CE83CC1D25BFEB2D00DA3DB1 /* SwiftUIDemoTests.swift in Sources */,
			);
			runOnlyForDeploymentPostprocessing = 0;
		};
		CE83CC1F25BFEB2E00DA3DB1 /* Sources */ = {
			isa = PBXSourcesBuildPhase;
			buildActionMask = 2147483647;
			files = (
				CE83CC2825BFEB2E00DA3DB1 /* SwiftUIDemoUITests.swift in Sources */,
			);
			runOnlyForDeploymentPostprocessing = 0;
		};
/* End PBXSourcesBuildPhase section */

/* Begin PBXTargetDependency section */
		CE83CC1A25BFEB2D00DA3DB1 /* PBXTargetDependency */ = {
			isa = PBXTargetDependency;
			target = CE83CC0125BFEB2B00DA3DB1 /* SwiftUIDemo */;
			targetProxy = CE83CC1925BFEB2D00DA3DB1 /* PBXContainerItemProxy */;
		};
		CE83CC2525BFEB2E00DA3DB1 /* PBXTargetDependency */ = {
			isa = PBXTargetDependency;
			target = CE83CC0125BFEB2B00DA3DB1 /* SwiftUIDemo */;
			targetProxy = CE83CC2425BFEB2E00DA3DB1 /* PBXContainerItemProxy */;
		};
/* End PBXTargetDependency section */

/* Begin PBXVariantGroup section */
		CE83CC1025BFEB2D00DA3DB1 /* LaunchScreen.storyboard */ = {
			isa = PBXVariantGroup;
			children = (
				CE83CC1125BFEB2D00DA3DB1 /* Base */,
			);
			name = LaunchScreen.storyboard;
			sourceTree = "<group>";
		};
/* End PBXVariantGroup section */

/* Begin XCBuildConfiguration section */
		CE83CC2A25BFEB2E00DA3DB1 /* Debug */ = {
			isa = XCBuildConfiguration;
			buildSettings = {
				ALWAYS_SEARCH_USER_PATHS = NO;
				CLANG_ANALYZER_NONNULL = YES;
				CLANG_ANALYZER_NUMBER_OBJECT_CONVERSION = YES_AGGRESSIVE;
				CLANG_CXX_LANGUAGE_STANDARD = "gnu++14";
				CLANG_CXX_LIBRARY = "libc++";
				CLANG_ENABLE_MODULES = YES;
				CLANG_ENABLE_OBJC_ARC = YES;
				CLANG_ENABLE_OBJC_WEAK = YES;
				CLANG_WARN_BLOCK_CAPTURE_AUTORELEASING = YES;
				CLANG_WARN_BOOL_CONVERSION = YES;
				CLANG_WARN_COMMA = YES;
				CLANG_WARN_CONSTANT_CONVERSION = YES;
				CLANG_WARN_DEPRECATED_OBJC_IMPLEMENTATIONS = YES;
				CLANG_WARN_DIRECT_OBJC_ISA_USAGE = YES_ERROR;
				CLANG_WARN_DOCUMENTATION_COMMENTS = YES;
				CLANG_WARN_EMPTY_BODY = YES;
				CLANG_WARN_ENUM_CONVERSION = YES;
				CLANG_WARN_INFINITE_RECURSION = YES;
				CLANG_WARN_INT_CONVERSION = YES;
				CLANG_WARN_NON_LITERAL_NULL_CONVERSION = YES;
				CLANG_WARN_OBJC_IMPLICIT_RETAIN_SELF = YES;
				CLANG_WARN_OBJC_LITERAL_CONVERSION = YES;
				CLANG_WARN_OBJC_ROOT_CLASS = YES_ERROR;
				CLANG_WARN_QUOTED_INCLUDE_IN_FRAMEWORK_HEADER = YES;
				CLANG_WARN_RANGE_LOOP_ANALYSIS = YES;
				CLANG_WARN_STRICT_PROTOTYPES = YES;
				CLANG_WARN_SUSPICIOUS_MOVE = YES;
				CLANG_WARN_UNGUARDED_AVAILABILITY = YES_AGGRESSIVE;
				CLANG_WARN_UNREACHABLE_CODE = YES;
				CLANG_WARN__DUPLICATE_METHOD_MATCH = YES;
				COPY_PHASE_STRIP = NO;
				DEBUG_INFORMATION_FORMAT = dwarf;
				ENABLE_STRICT_OBJC_MSGSEND = YES;
				ENABLE_TESTABILITY = YES;
				GCC_C_LANGUAGE_STANDARD = gnu11;
				GCC_DYNAMIC_NO_PIC = NO;
				GCC_NO_COMMON_BLOCKS = YES;
				GCC_OPTIMIZATION_LEVEL = 0;
				GCC_PREPROCESSOR_DEFINITIONS = (
					"DEBUG=1",
					"$(inherited)",
				);
				GCC_WARN_64_TO_32_BIT_CONVERSION = YES;
				GCC_WARN_ABOUT_RETURN_TYPE = YES_ERROR;
				GCC_WARN_UNDECLARED_SELECTOR = YES;
				GCC_WARN_UNINITIALIZED_AUTOS = YES_AGGRESSIVE;
				GCC_WARN_UNUSED_FUNCTION = YES;
				GCC_WARN_UNUSED_VARIABLE = YES;
				IPHONEOS_DEPLOYMENT_TARGET = 14.2;
				MTL_ENABLE_DEBUG_INFO = INCLUDE_SOURCE;
				MTL_FAST_MATH = YES;
				ONLY_ACTIVE_ARCH = YES;
				SDKROOT = iphoneos;
				SWIFT_ACTIVE_COMPILATION_CONDITIONS = DEBUG;
				SWIFT_OPTIMIZATION_LEVEL = "-Onone";
			};
			name = Debug;
		};
		CE83CC2B25BFEB2E00DA3DB1 /* Release */ = {
			isa = XCBuildConfiguration;
			buildSettings = {
				ALWAYS_SEARCH_USER_PATHS = NO;
				CLANG_ANALYZER_NONNULL = YES;
				CLANG_ANALYZER_NUMBER_OBJECT_CONVERSION = YES_AGGRESSIVE;
				CLANG_CXX_LANGUAGE_STANDARD = "gnu++14";
				CLANG_CXX_LIBRARY = "libc++";
				CLANG_ENABLE_MODULES = YES;
				CLANG_ENABLE_OBJC_ARC = YES;
				CLANG_ENABLE_OBJC_WEAK = YES;
				CLANG_WARN_BLOCK_CAPTURE_AUTORELEASING = YES;
				CLANG_WARN_BOOL_CONVERSION = YES;
				CLANG_WARN_COMMA = YES;
				CLANG_WARN_CONSTANT_CONVERSION = YES;
				CLANG_WARN_DEPRECATED_OBJC_IMPLEMENTATIONS = YES;
				CLANG_WARN_DIRECT_OBJC_ISA_USAGE = YES_ERROR;
				CLANG_WARN_DOCUMENTATION_COMMENTS = YES;
				CLANG_WARN_EMPTY_BODY = YES;
				CLANG_WARN_ENUM_CONVERSION = YES;
				CLANG_WARN_INFINITE_RECURSION = YES;
				CLANG_WARN_INT_CONVERSION = YES;
				CLANG_WARN_NON_LITERAL_NULL_CONVERSION = YES;
				CLANG_WARN_OBJC_IMPLICIT_RETAIN_SELF = YES;
				CLANG_WARN_OBJC_LITERAL_CONVERSION = YES;
				CLANG_WARN_OBJC_ROOT_CLASS = YES_ERROR;
				CLANG_WARN_QUOTED_INCLUDE_IN_FRAMEWORK_HEADER = YES;
				CLANG_WARN_RANGE_LOOP_ANALYSIS = YES;
				CLANG_WARN_STRICT_PROTOTYPES = YES;
				CLANG_WARN_SUSPICIOUS_MOVE = YES;
				CLANG_WARN_UNGUARDED_AVAILABILITY = YES_AGGRESSIVE;
				CLANG_WARN_UNREACHABLE_CODE = YES;
				CLANG_WARN__DUPLICATE_METHOD_MATCH = YES;
				COPY_PHASE_STRIP = NO;
				DEBUG_INFORMATION_FORMAT = "dwarf-with-dsym";
				ENABLE_NS_ASSERTIONS = NO;
				ENABLE_STRICT_OBJC_MSGSEND = YES;
				GCC_C_LANGUAGE_STANDARD = gnu11;
				GCC_NO_COMMON_BLOCKS = YES;
				GCC_WARN_64_TO_32_BIT_CONVERSION = YES;
				GCC_WARN_ABOUT_RETURN_TYPE = YES_ERROR;
				GCC_WARN_UNDECLARED_SELECTOR = YES;
				GCC_WARN_UNINITIALIZED_AUTOS = YES_AGGRESSIVE;
				GCC_WARN_UNUSED_FUNCTION = YES;
				GCC_WARN_UNUSED_VARIABLE = YES;
				IPHONEOS_DEPLOYMENT_TARGET = 14.2;
				MTL_ENABLE_DEBUG_INFO = NO;
				MTL_FAST_MATH = YES;
				SDKROOT = iphoneos;
				SWIFT_COMPILATION_MODE = wholemodule;
				SWIFT_OPTIMIZATION_LEVEL = "-O";
				VALIDATE_PRODUCT = YES;
			};
			name = Release;
		};
		CE83CC2D25BFEB2E00DA3DB1 /* Debug */ = {
			isa = XCBuildConfiguration;
			baseConfigurationReference = AEDD870340E68406419E7F03 /* Pods-SwiftUIDemo.debug.xcconfig */;
			buildSettings = {
				ASSETCATALOG_COMPILER_APPICON_NAME = AppIcon;
				ASSETCATALOG_COMPILER_GLOBAL_ACCENT_COLOR_NAME = AccentColor;
				CODE_SIGN_STYLE = Automatic;
				DEVELOPMENT_ASSET_PATHS = "\"SwiftUIDemo/Preview Content\"";
				DEVELOPMENT_TEAM = 2C86JD592M;
				ENABLE_PREVIEWS = YES;
				INFOPLIST_FILE = SwiftUIDemo/Info.plist;
				LD_RUNPATH_SEARCH_PATHS = (
					"$(inherited)",
					"@executable_path/Frameworks",
				);
				PRODUCT_BUNDLE_IDENTIFIER = com.SwiftUIDemo;
				PRODUCT_NAME = "$(TARGET_NAME)";
				SWIFT_VERSION = 5.0;
				TARGETED_DEVICE_FAMILY = "1,2";
			};
			name = Debug;
		};
		CE83CC2E25BFEB2E00DA3DB1 /* Release */ = {
			isa = XCBuildConfiguration;
			baseConfigurationReference = 8D5EBFD571B817D0F6D62589 /* Pods-SwiftUIDemo.release.xcconfig */;
			buildSettings = {
				ASSETCATALOG_COMPILER_APPICON_NAME = AppIcon;
				ASSETCATALOG_COMPILER_GLOBAL_ACCENT_COLOR_NAME = AccentColor;
				CODE_SIGN_STYLE = Automatic;
				DEVELOPMENT_ASSET_PATHS = "\"SwiftUIDemo/Preview Content\"";
				DEVELOPMENT_TEAM = 2C86JD592M;
				ENABLE_PREVIEWS = YES;
				INFOPLIST_FILE = SwiftUIDemo/Info.plist;
				LD_RUNPATH_SEARCH_PATHS = (
					"$(inherited)",
					"@executable_path/Frameworks",
				);
				PRODUCT_BUNDLE_IDENTIFIER = com.SwiftUIDemo;
				PRODUCT_NAME = "$(TARGET_NAME)";
				SWIFT_VERSION = 5.0;
				TARGETED_DEVICE_FAMILY = "1,2";
			};
			name = Release;
		};
		CE83CC3025BFEB2E00DA3DB1 /* Debug */ = {
			isa = XCBuildConfiguration;
			buildSettings = {
				ALWAYS_EMBED_SWIFT_STANDARD_LIBRARIES = YES;
				BUNDLE_LOADER = "$(TEST_HOST)";
				CODE_SIGN_STYLE = Automatic;
				DEVELOPMENT_TEAM = 2C86JD592M;
				INFOPLIST_FILE = SwiftUIDemoTests/Info.plist;
				IPHONEOS_DEPLOYMENT_TARGET = 14.2;
				LD_RUNPATH_SEARCH_PATHS = (
					"$(inherited)",
					"@executable_path/Frameworks",
					"@loader_path/Frameworks",
				);
				PRODUCT_BUNDLE_IDENTIFIER = com.SwiftUIDemoTests;
				PRODUCT_NAME = "$(TARGET_NAME)";
				SWIFT_VERSION = 5.0;
				TARGETED_DEVICE_FAMILY = "1,2";
				TEST_HOST = "$(BUILT_PRODUCTS_DIR)/SwiftUIDemo.app/SwiftUIDemo";
			};
			name = Debug;
		};
		CE83CC3125BFEB2E00DA3DB1 /* Release */ = {
			isa = XCBuildConfiguration;
			buildSettings = {
				ALWAYS_EMBED_SWIFT_STANDARD_LIBRARIES = YES;
				BUNDLE_LOADER = "$(TEST_HOST)";
				CODE_SIGN_STYLE = Automatic;
				DEVELOPMENT_TEAM = 2C86JD592M;
				INFOPLIST_FILE = SwiftUIDemoTests/Info.plist;
				IPHONEOS_DEPLOYMENT_TARGET = 14.2;
				LD_RUNPATH_SEARCH_PATHS = (
					"$(inherited)",
					"@executable_path/Frameworks",
					"@loader_path/Frameworks",
				);
				PRODUCT_BUNDLE_IDENTIFIER = com.SwiftUIDemoTests;
				PRODUCT_NAME = "$(TARGET_NAME)";
				SWIFT_VERSION = 5.0;
				TARGETED_DEVICE_FAMILY = "1,2";
				TEST_HOST = "$(BUILT_PRODUCTS_DIR)/SwiftUIDemo.app/SwiftUIDemo";
			};
			name = Release;
		};
		CE83CC3325BFEB2E00DA3DB1 /* Debug */ = {
			isa = XCBuildConfiguration;
			buildSettings = {
				ALWAYS_EMBED_SWIFT_STANDARD_LIBRARIES = YES;
				CODE_SIGN_STYLE = Automatic;
				DEVELOPMENT_TEAM = 2C86JD592M;
				INFOPLIST_FILE = SwiftUIDemoUITests/Info.plist;
				LD_RUNPATH_SEARCH_PATHS = (
					"$(inherited)",
					"@executable_path/Frameworks",
					"@loader_path/Frameworks",
				);
				PRODUCT_BUNDLE_IDENTIFIER = com.SwiftUIDemoUITests;
				PRODUCT_NAME = "$(TARGET_NAME)";
				SWIFT_VERSION = 5.0;
				TARGETED_DEVICE_FAMILY = "1,2";
				TEST_TARGET_NAME = SwiftUIDemo;
			};
			name = Debug;
		};
		CE83CC3425BFEB2E00DA3DB1 /* Release */ = {
			isa = XCBuildConfiguration;
			buildSettings = {
				ALWAYS_EMBED_SWIFT_STANDARD_LIBRARIES = YES;
				CODE_SIGN_STYLE = Automatic;
				DEVELOPMENT_TEAM = 2C86JD592M;
				INFOPLIST_FILE = SwiftUIDemoUITests/Info.plist;
				LD_RUNPATH_SEARCH_PATHS = (
					"$(inherited)",
					"@executable_path/Frameworks",
					"@loader_path/Frameworks",
				);
				PRODUCT_BUNDLE_IDENTIFIER = com.SwiftUIDemoUITests;
				PRODUCT_NAME = "$(TARGET_NAME)";
				SWIFT_VERSION = 5.0;
				TARGETED_DEVICE_FAMILY = "1,2";
				TEST_TARGET_NAME = SwiftUIDemo;
			};
			name = Release;
		};
/* End XCBuildConfiguration section */

/* Begin XCConfigurationList section */
		CE83CBFD25BFEB2B00DA3DB1 /* Build configuration list for PBXProject "SwiftUIDemo" */ = {
			isa = XCConfigurationList;
			buildConfigurations = (
				CE83CC2A25BFEB2E00DA3DB1 /* Debug */,
				CE83CC2B25BFEB2E00DA3DB1 /* Release */,
			);
			defaultConfigurationIsVisible = 0;
			defaultConfigurationName = Release;
		};
		CE83CC2C25BFEB2E00DA3DB1 /* Build configuration list for PBXNativeTarget "SwiftUIDemo" */ = {
			isa = XCConfigurationList;
			buildConfigurations = (
				CE83CC2D25BFEB2E00DA3DB1 /* Debug */,
				CE83CC2E25BFEB2E00DA3DB1 /* Release */,
			);
			defaultConfigurationIsVisible = 0;
			defaultConfigurationName = Release;
		};
		CE83CC2F25BFEB2E00DA3DB1 /* Build configuration list for PBXNativeTarget "SwiftUIDemoTests" */ = {
			isa = XCConfigurationList;
			buildConfigurations = (
				CE83CC3025BFEB2E00DA3DB1 /* Debug */,
				CE83CC3125BFEB2E00DA3DB1 /* Release */,
			);
			defaultConfigurationIsVisible = 0;
			defaultConfigurationName = Release;
		};
		CE83CC3225BFEB2E00DA3DB1 /* Build configuration list for PBXNativeTarget "SwiftUIDemoUITests" */ = {
			isa = XCConfigurationList;
			buildConfigurations = (
				CE83CC3325BFEB2E00DA3DB1 /* Debug */,
				CE83CC3425BFEB2E00DA3DB1 /* Release */,
			);
			defaultConfigurationIsVisible = 0;
			defaultConfigurationName = Release;
		};
/* End XCConfigurationList section */
	};
	rootObject = CE83CBFA25BFEB2B00DA3DB1 /* Project object */;
}
